{
  "name": "trial",
  "version": "1.0.0",
  "lockfileVersion": 1,
  "requires": true,
  "dependencies": {
    "accept": {
      "version": "2.1.4",
      "resolved": "https://artifactory.appcarousel.com:443/api/npm/npm/accept/-/accept-2.1.4.tgz",
      "integrity": "sha1-iHr1TO7lx/RDBGGXHsQAxh0JrLs=",
      "requires": {
        "boom": "5.x.x",
        "hoek": "4.x.x"
      },
      "dependencies": {
        "boom": {
          "version": "5.2.0",
          "resolved": "https://artifactory.appcarousel.com:443/api/npm/npm/boom/-/boom-5.2.0.tgz",
          "integrity": "sha1-XdnabuOl8wIHdDYpDLcX0/SlTgI=",
          "requires": {
            "hoek": "4.x.x"
          }
        }
      }
    },
    "ammo": {
      "version": "2.0.4",
      "resolved": "https://artifactory.appcarousel.com:443/api/npm/npm/ammo/-/ammo-2.0.4.tgz",
      "integrity": "sha1-v4CqshFpjqePY+9efxE91dnokX8=",
      "requires": {
        "boom": "5.x.x",
        "hoek": "4.x.x"
      },
      "dependencies": {
        "boom": {
          "version": "5.2.0",
          "resolved": "https://artifactory.appcarousel.com:443/api/npm/npm/boom/-/boom-5.2.0.tgz",
          "integrity": "sha1-XdnabuOl8wIHdDYpDLcX0/SlTgI=",
          "requires": {
            "hoek": "4.x.x"
          }
        }
      }
    },
    "b64": {
      "version": "3.0.3",
      "resolved": "https://artifactory.appcarousel.com:443/api/npm/npm/b64/-/b64-3.0.3.tgz",
      "integrity": "sha1-Nq/u4Nk0XwRjh85t6KZwKv5btW4="
    },
    "boom": {
      "version": "3.2.2",
      "resolved": "https://artifactory.appcarousel.com:443/api/npm/npm/boom/-/boom-3.2.2.tgz",
      "integrity": "sha1-DwzF0ErcUAO4x9cfQsynJx/vDng=",
      "requires": {
        "hoek": "4.x.x"
      }
    },
    "bounce": {
      "version": "1.2.3",
      "resolved": "https://artifactory.appcarousel.com:443/api/npm/npm/bounce/-/bounce-1.2.3.tgz",
      "integrity": "sha1-KyhtNush1fCP5nLdjNN6EJuq0SE=",
      "requires": {
        "boom": "7.x.x",
        "hoek": "6.x.x"
      },
      "dependencies": {
        "boom": {
          "version": "7.3.0",
          "resolved": "https://artifactory.appcarousel.com:443/api/npm/npm/boom/-/boom-7.3.0.tgz",
          "integrity": "sha1-czptlW0zsLGZnaP+bBKZaVDQF7k=",
          "requires": {
            "hoek": "6.x.x"
          }
        },
        "hoek": {
          "version": "6.1.3",
          "resolved": "https://artifactory.appcarousel.com:443/api/npm/npm/hoek/-/hoek-6.1.3.tgz",
          "integrity": "sha1-c7fTOVLgH+J6OLBFcpS3ndjaJCw="
        }
      }
    },
    "bson": {
      "version": "1.1.1",
      "resolved": "https://registry.npmjs.org/bson/-/bson-1.1.1.tgz",
      "integrity": "sha512-jCGVYLoYMHDkOsbwJZBCqwMHyH4c+wzgI9hG7Z6SZJRXWr+x58pdIbm2i9a/jFGCkRJqRUr8eoI7lDWa0hTkxg=="
    },
    "call": {
      "version": "3.0.4",
      "resolved": "https://artifactory.appcarousel.com:443/api/npm/npm/call/-/call-3.0.4.tgz",
      "integrity": "sha1-44Dy8qSRMwqnkIU1X4vggId9VZ4=",
      "requires": {
        "boom": "4.x.x",
        "hoek": "4.x.x"
      },
      "dependencies": {
        "boom": {
          "version": "4.3.1",
          "resolved": "https://artifactory.appcarousel.com:443/api/npm/npm/boom/-/boom-4.3.1.tgz",
          "integrity": "sha1-T4owBctKfjiJ90kDD9JbluAdLjE=",
          "requires": {
            "hoek": "4.x.x"
          }
        }
      }
    },
    "catbox": {
      "version": "7.1.5",
      "resolved": "https://artifactory.appcarousel.com:443/api/npm/npm/catbox/-/catbox-7.1.5.tgz",
      "integrity": "sha1-xW9+jpVV0nwNwDipbvc+V9GGux8=",
      "requires": {
        "boom": "5.x.x",
        "hoek": "4.x.x",
        "joi": "10.x.x"
      },
      "dependencies": {
        "boom": {
          "version": "5.2.0",
          "resolved": "https://artifactory.appcarousel.com:443/api/npm/npm/boom/-/boom-5.2.0.tgz",
          "integrity": "sha1-XdnabuOl8wIHdDYpDLcX0/SlTgI=",
          "requires": {
            "hoek": "4.x.x"
          }
        },
        "joi": {
          "version": "10.6.0",
          "resolved": "https://artifactory.appcarousel.com:443/api/npm/npm/joi/-/joi-10.6.0.tgz",
          "integrity": "sha1-Ulh/AtUri3XNsMdPCxZKGRoOH8I=",
          "requires": {
            "hoek": "4.x.x",
            "isemail": "2.x.x",
            "items": "2.x.x",
            "topo": "2.x.x"
          }
        }
      }
    },
    "catbox-memory": {
      "version": "2.0.4",
      "resolved": "https://artifactory.appcarousel.com:443/api/npm/npm/catbox-memory/-/catbox-memory-2.0.4.tgz",
      "integrity": "sha1-Qz4lWQLK9UIz0ShkKcj03xToItU=",
      "requires": {
        "hoek": "4.x.x"
      }
    },
    "content": {
      "version": "3.0.7",
      "resolved": "https://artifactory.appcarousel.com:443/api/npm/npm/content/-/content-3.0.7.tgz",
      "integrity": "sha1-DLuI6CcC01zPWYALit1gm7XB38I=",
      "requires": {
        "boom": "5.x.x"
      },
      "dependencies": {
        "boom": {
          "version": "5.2.0",
          "resolved": "https://artifactory.appcarousel.com:443/api/npm/npm/boom/-/boom-5.2.0.tgz",
          "integrity": "sha1-XdnabuOl8wIHdDYpDLcX0/SlTgI=",
          "requires": {
            "hoek": "4.x.x"
          }
        }
      }
    },
    "cryptiles": {
      "version": "3.1.4",
      "resolved": "https://artifactory.appcarousel.com:443/api/npm/npm/cryptiles/-/cryptiles-3.1.4.tgz",
      "integrity": "sha1-dppoyVYStW+q386/V6yGR5y+gyI=",
      "requires": {
        "boom": "5.x.x"
      },
      "dependencies": {
        "boom": {
          "version": "5.2.0",
          "resolved": "https://artifactory.appcarousel.com:443/api/npm/npm/boom/-/boom-5.2.0.tgz",
          "integrity": "sha1-XdnabuOl8wIHdDYpDLcX0/SlTgI=",
          "requires": {
            "hoek": "4.x.x"
          }
        }
      }
    },
    "hapi": {
      "version": "14.2.0",
      "resolved": "https://artifactory.appcarousel.com:443/api/npm/npm/hapi/-/hapi-14.2.0.tgz",
      "integrity": "sha1-5P4vwYJZig+B6HtBtr4PvTHHVAk=",
      "requires": {
        "accept": "2.x.x",
        "ammo": "2.x.x",
        "boom": "3.x.x",
        "call": "3.x.x",
        "catbox": "7.x.x",
        "catbox-memory": "2.x.x",
        "cryptiles": "3.x.x",
        "heavy": "4.x.x",
        "hoek": "4.x.x",
        "iron": "4.x.x",
        "items": "2.x.x",
        "joi": "9.x.x",
        "kilt": "2.x.x",
        "mimos": "3.x.x",
        "peekaboo": "2.x.x",
        "shot": "3.x.x",
        "statehood": "4.x.x",
        "subtext": "4.x.x",
        "topo": "2.x.x"
      }
    },
    "heavy": {
      "version": "4.0.4",
      "resolved": "https://artifactory.appcarousel.com:443/api/npm/npm/heavy/-/heavy-4.0.4.tgz",
      "integrity": "sha1-NskTNsAMz+hSyqTRUwhjNc0vAOk=",
      "requires": {
        "boom": "5.x.x",
        "hoek": "4.x.x",
        "joi": "10.x.x"
      },
      "dependencies": {
        "boom": {
          "version": "5.2.0",
          "resolved": "https://artifactory.appcarousel.com:443/api/npm/npm/boom/-/boom-5.2.0.tgz",
          "integrity": "sha1-XdnabuOl8wIHdDYpDLcX0/SlTgI=",
          "requires": {
            "hoek": "4.x.x"
          }
        },
        "joi": {
          "version": "10.6.0",
          "resolved": "https://artifactory.appcarousel.com:443/api/npm/npm/joi/-/joi-10.6.0.tgz",
          "integrity": "sha1-Ulh/AtUri3XNsMdPCxZKGRoOH8I=",
          "requires": {
            "hoek": "4.x.x",
            "isemail": "2.x.x",
            "items": "2.x.x",
            "topo": "2.x.x"
          }
        }
      }
    },
    "hoek": {
      "version": "4.2.1",
      "resolved": "https://artifactory.appcarousel.com:443/api/npm/npm/hoek/-/hoek-4.2.1.tgz",
      "integrity": "sha1-ljRQKqEsRF3Vp8VzS1cruHOKrLs="
    },
    "inert": {
      "version": "5.1.3",
      "resolved": "https://artifactory.appcarousel.com:443/api/npm/npm/inert/-/inert-5.1.3.tgz",
      "integrity": "sha1-at6zKwVbMI2e3puWJmB8cCmsfGc=",
      "requires": {
        "ammo": "3.x.x",
        "boom": "7.x.x",
        "bounce": "1.x.x",
        "hoek": "6.x.x",
        "joi": "14.x.x",
        "lru-cache": "4.1.x"
      },
      "dependencies": {
        "ammo": {
          "version": "3.0.3",
          "resolved": "https://artifactory.appcarousel.com:443/api/npm/npm/ammo/-/ammo-3.0.3.tgz",
          "integrity": "sha1-UCqvqdi/yiZBQ+Im5fMicW50aww=",
          "requires": {
            "hoek": "6.x.x"
          }
        },
        "boom": {
          "version": "7.3.0",
          "resolved": "https://artifactory.appcarousel.com:443/api/npm/npm/boom/-/boom-7.3.0.tgz",
          "integrity": "sha1-czptlW0zsLGZnaP+bBKZaVDQF7k=",
          "requires": {
            "hoek": "6.x.x"
          }
        },
        "hoek": {
          "version": "6.1.3",
          "resolved": "https://artifactory.appcarousel.com:443/api/npm/npm/hoek/-/hoek-6.1.3.tgz",
          "integrity": "sha1-c7fTOVLgH+J6OLBFcpS3ndjaJCw="
        },
        "isemail": {
          "version": "3.2.0",
          "resolved": "https://artifactory.appcarousel.com:443/api/npm/npm/isemail/-/isemail-3.2.0.tgz",
          "integrity": "sha1-WTEKAhkxqfsGu7UeFVzgs/I2gyw=",
          "requires": {
            "punycode": "2.x.x"
          }
        },
        "joi": {
          "version": "14.3.1",
          "resolved": "https://artifactory.appcarousel.com:443/api/npm/npm/joi/-/joi-14.3.1.tgz",
          "integrity": "sha1-FkomLsC4VUZuDDXuoqiFrotscDw=",
          "requires": {
            "hoek": "6.x.x",
            "isemail": "3.x.x",
            "topo": "3.x.x"
          }
        },
        "topo": {
          "version": "3.0.3",
          "resolved": "https://artifactory.appcarousel.com:443/api/npm/npm/topo/-/topo-3.0.3.tgz",
          "integrity": "sha1-1aZ/suaTB+vusIQC7Coqb1962Vw=",
          "requires": {
            "hoek": "6.x.x"
          }
        }
      }
    },
    "iron": {
      "version": "4.0.5",
      "resolved": "https://artifactory.appcarousel.com:443/api/npm/npm/iron/-/iron-4.0.5.tgz",
      "integrity": "sha1-TwQszri5c480a1mqc0yDqJvDFCg=",
      "requires": {
        "boom": "5.x.x",
        "cryptiles": "3.x.x",
        "hoek": "4.x.x"
      },
      "dependencies": {
        "boom": {
          "version": "5.2.0",
          "resolved": "https://artifactory.appcarousel.com:443/api/npm/npm/boom/-/boom-5.2.0.tgz",
          "integrity": "sha1-XdnabuOl8wIHdDYpDLcX0/SlTgI=",
          "requires": {
            "hoek": "4.x.x"
          }
        }
      }
    },
    "isemail": {
      "version": "2.2.1",
      "resolved": "https://artifactory.appcarousel.com:443/api/npm/npm/isemail/-/isemail-2.2.1.tgz",
      "integrity": "sha1-A1PT2aYpUQgMJiwqoKQrjqjp4qY="
    },
    "items": {
      "version": "2.1.2",
      "resolved": "https://artifactory.appcarousel.com:443/api/npm/npm/items/-/items-2.1.2.tgz",
      "integrity": "sha1-CEk1RZWAXVhtrJjn5uhVVuqDhVg="
    },
    "joi": {
      "version": "9.2.0",
      "resolved": "https://artifactory.appcarousel.com:443/api/npm/npm/joi/-/joi-9.2.0.tgz",
      "integrity": "sha1-M4WseQGSEwy+Iw6ALsAskhW7/to=",
      "requires": {
        "hoek": "4.x.x",
        "isemail": "2.x.x",
        "items": "2.x.x",
        "moment": "2.x.x",
        "topo": "2.x.x"
      }
    },
    "kilt": {
      "version": "2.0.2",
      "resolved": "https://artifactory.appcarousel.com:443/api/npm/npm/kilt/-/kilt-2.0.2.tgz",
      "integrity": "sha1-BNcYPCmKEjLv3ffdyllZqPYwHiA=",
      "requires": {
        "hoek": "4.x.x"
      }
    },
    "lru-cache": {
      "version": "4.1.5",
      "resolved": "https://artifactory.appcarousel.com:443/api/npm/npm/lru-cache/-/lru-cache-4.1.5.tgz",
      "integrity": "sha1-i75Q6oW+1ZvJ4z3KuCNe6bz0Q80=",
      "requires": {
        "pseudomap": "^1.0.2",
        "yallist": "^2.1.2"
      }
    },
    "memory-pager": {
      "version": "1.5.0",
      "resolved": "https://registry.npmjs.org/memory-pager/-/memory-pager-1.5.0.tgz",
      "integrity": "sha512-ZS4Bp4r/Zoeq6+NLJpP+0Zzm0pR8whtGPf1XExKLJBAczGMnSi3It14OiNCStjQjM6NU1okjQGSxgEZN8eBYKg==",
      "optional": true
    },
    "mime-db": {
      "version": "1.40.0",
      "resolved": "https://artifactory.appcarousel.com:443/api/npm/npm/mime-db/-/mime-db-1.40.0.tgz",
      "integrity": "sha1-plBX6ZjbCQ9zKmj2wnbTh9QSbDI="
    },
    "mimos": {
      "version": "3.0.3",
      "resolved": "https://artifactory.appcarousel.com:443/api/npm/npm/mimos/-/mimos-3.0.3.tgz",
      "integrity": "sha1-uRCQcq03jCty9qAQHEPd+ys2ZB8=",
      "requires": {
        "hoek": "4.x.x",
        "mime-db": "1.x.x"
      }
    },
    "moment": {
      "version": "2.24.0",
      "resolved": "https://artifactory.appcarousel.com:443/api/npm/npm/moment/-/moment-2.24.0.tgz",
      "integrity": "sha1-DQVdU/UFKqZTyfbraLtdEr9cK1s="
    },
    "mongodb": {
      "version": "3.2.3",
      "resolved": "https://registry.npmjs.org/mongodb/-/mongodb-3.2.3.tgz",
      "integrity": "sha512-jw8UyPsq4QleZ9z+t/pIVy3L++51vKdaJ2Q/XXeYxk/3cnKioAH8H6f5tkkDivrQL4PUgUOHe9uZzkpRFH1XtQ==",
      "requires": {
        "mongodb-core": "^3.2.3",
        "safe-buffer": "^5.1.2"
      }
    },
    "mongodb-core": {
      "version": "3.2.3",
      "resolved": "https://registry.npmjs.org/mongodb-core/-/mongodb-core-3.2.3.tgz",
      "integrity": "sha512-UyI0rmvPPkjOJV8XGWa9VCTq7R4hBVipimhnAXeSXnuAPjuTqbyfA5Ec9RcYJ1Hhu+ISnc8bJ1KfGZd4ZkYARQ==",
      "requires": {
        "bson": "^1.1.1",
        "require_optional": "^1.0.1",
        "safe-buffer": "^5.1.2",
        "saslprep": "^1.0.0"
      }
    },
    "nigel": {
      "version": "2.0.2",
      "resolved": "https://artifactory.appcarousel.com:443/api/npm/npm/nigel/-/nigel-2.0.2.tgz",
      "integrity": "sha1-k6GGb7DFLYc5CqdeKxYfS1x15bE=",
      "requires": {
        "hoek": "4.x.x",
        "vise": "2.x.x"
      }
    },
    "peekaboo": {
      "version": "2.0.2",
      "resolved": "https://artifactory.appcarousel.com:443/api/npm/npm/peekaboo/-/peekaboo-2.0.2.tgz",
      "integrity": "sha1-/ELhOe/WmMb/KHCmsgwEfNmqKf8="
    },
    "pez": {
      "version": "2.1.5",
      "resolved": "https://artifactory.appcarousel.com:443/api/npm/npm/pez/-/pez-2.1.5.tgz",
      "integrity": "sha1-XsLMYlAMw+tCNtSkFM9aF7XrUAc=",
      "requires": {
        "b64": "3.x.x",
        "boom": "5.x.x",
        "content": "3.x.x",
        "hoek": "4.x.x",
        "nigel": "2.x.x"
      },
      "dependencies": {
        "boom": {
          "version": "5.2.0",
          "resolved": "https://artifactory.appcarousel.com:443/api/npm/npm/boom/-/boom-5.2.0.tgz",
          "integrity": "sha1-XdnabuOl8wIHdDYpDLcX0/SlTgI=",
          "requires": {
            "hoek": "4.x.x"
          }
        }
      }
    },
    "pseudomap": {
      "version": "1.0.2",
      "resolved": "https://artifactory.appcarousel.com:443/api/npm/npm/pseudomap/-/pseudomap-1.0.2.tgz",
      "integrity": "sha1-8FKijacOYYkX7wqKw0wa5aaChrM="
    },
    "punycode": {
      "version": "2.1.1",
      "resolved": "https://artifactory.appcarousel.com:443/api/npm/npm/punycode/-/punycode-2.1.1.tgz",
      "integrity": "sha1-tYsBCsQMIsVldhbI0sLALHv0eew="
    },
    "require_optional": {
      "version": "1.0.1",
      "resolved": "https://registry.npmjs.org/require_optional/-/require_optional-1.0.1.tgz",
      "integrity": "sha512-qhM/y57enGWHAe3v/NcwML6a3/vfESLe/sGM2dII+gEO0BpKRUkWZow/tyloNqJyN6kXSl3RyyM8Ll5D/sJP8g==",
      "requires": {
        "resolve-from": "^2.0.0",
        "semver": "^5.1.0"
      }
    },
    "resolve-from": {
      "version": "2.0.0",
      "resolved": "https://registry.npmjs.org/resolve-from/-/resolve-from-2.0.0.tgz",
      "integrity": "sha1-lICrIOlP+h2egKgEx+oUdhGWa1c="
    },
    "safe-buffer": {
      "version": "5.1.2",
      "resolved": "https://registry.npmjs.org/safe-buffer/-/safe-buffer-5.1.2.tgz",
      "integrity": "sha512-Gd2UZBJDkXlY7GbJxfsE8/nvKkUEU1G38c1siN6QP6a9PT9MmHB8GnpscSmMJSoF8LOIrt8ud/wPtojys4G6+g=="
    },
    "saslprep": {
      "version": "1.0.2",
      "resolved": "https://registry.npmjs.org/saslprep/-/saslprep-1.0.2.tgz",
      "integrity": "sha512-4cDsYuAjXssUSjxHKRe4DTZC0agDwsCqcMqtJAQPzC74nJ7LfAJflAtC1Zed5hMzEQKj82d3tuzqdGNRsLJ4Gw==",
      "optional": true,
      "requires": {
        "sparse-bitfield": "^3.0.3"
      }
    },
    "semver": {
      "version": "5.7.0",
      "resolved": "https://registry.npmjs.org/semver/-/semver-5.7.0.tgz",
      "integrity": "sha512-Ya52jSX2u7QKghxeoFGpLwCtGlt7j0oY9DYb5apt9nPlJ42ID+ulTXESnt/qAQcoSERyZ5sl3LDIOw0nAn/5DA=="
    },
    "shot": {
      "version": "3.4.2",
      "resolved": "https://artifactory.appcarousel.com:443/api/npm/npm/shot/-/shot-3.4.2.tgz",
      "integrity": "sha1-Hlw/bysmZJrcQvfrNQIUpaApHWc=",
      "requires": {
        "hoek": "4.x.x",
        "joi": "10.x.x"
      },
      "dependencies": {
        "joi": {
          "version": "10.6.0",
          "resolved": "https://artifactory.appcarousel.com:443/api/npm/npm/joi/-/joi-10.6.0.tgz",
          "integrity": "sha1-Ulh/AtUri3XNsMdPCxZKGRoOH8I=",
          "requires": {
            "hoek": "4.x.x",
            "isemail": "2.x.x",
            "items": "2.x.x",
            "topo": "2.x.x"
          }
        }
      }
    },
    "sparse-bitfield": {
      "version": "3.0.3",
      "resolved": "https://registry.npmjs.org/sparse-bitfield/-/sparse-bitfield-3.0.3.tgz",
      "integrity": "sha1-/0rm5oZWBWuks+eSqzM004JzyhE=",
      "optional": true,
      "requires": {
        "memory-pager": "^1.0.2"
      }
    },
    "statehood": {
      "version": "4.1.0",
      "resolved": "https://artifactory.appcarousel.com:443/api/npm/npm/statehood/-/statehood-4.1.0.tgz",
      "integrity": "sha1-iih30T2YUKq2zod6VLd43w9DrNs=",
      "requires": {
        "boom": "3.x.x",
        "cryptiles": "3.x.x",
        "hoek": "4.x.x",
        "iron": "4.x.x",
        "items": "2.x.x",
        "joi": "9.x.x"
      }
    },
    "subtext": {
      "version": "4.4.1",
      "resolved": "https://artifactory.appcarousel.com:443/api/npm/npm/subtext/-/subtext-4.4.1.tgz",
      "integrity": "sha1-L87JRd5CkoPD0YsVH/D6HxuHrsk=",
      "requires": {
        "boom": "5.x.x",
        "content": "3.x.x",
        "hoek": "4.x.x",
        "pez": "2.x.x",
        "wreck": "12.x.x"
      },
      "dependencies": {
        "boom": {
          "version": "5.2.0",
          "resolved": "https://artifactory.appcarousel.com:443/api/npm/npm/boom/-/boom-5.2.0.tgz",
          "integrity": "sha1-XdnabuOl8wIHdDYpDLcX0/SlTgI=",
          "requires": {
            "hoek": "4.x.x"
          }
        }
      }
    },
    "topo": {
      "version": "2.0.2",
      "resolved": "https://artifactory.appcarousel.com:443/api/npm/npm/topo/-/topo-2.0.2.tgz",
      "integrity": "sha1-zVYVdSU5BXwNwEkaYhw7xvvh0YI=",
      "requires": {
        "hoek": "4.x.x"
      }
    },
    "vise": {
      "version": "2.0.2",
      "resolved": "https://artifactory.appcarousel.com:443/api/npm/npm/vise/-/vise-2.0.2.tgz",
      "integrity": "sha1-awjo+0y3bjpQzW3Q7DczjoEaDTk=",
      "requires": {
        "hoek": "4.x.x"
      }
    },
    "wreck": {
      "version": "12.5.1",
      "resolved": "https://artifactory.appcarousel.com:443/api/npm/npm/wreck/-/wreck-12.5.1.tgz",
      "integrity": "sha1-zS/84WdEnh8CQu2c+AVS4g+2kCo=",
      "requires": {
        "boom": "5.x.x",
        "hoek": "4.x.x"
      },
      "dependencies": {
        "boom": {
          "version": "5.2.0",
          "resolved": "https://artifactory.appcarousel.com:443/api/npm/npm/boom/-/boom-5.2.0.tgz",
          "integrity": "sha1-XdnabuOl8wIHdDYpDLcX0/SlTgI=",
          "requires": {
            "hoek": "4.x.x"
          }
        }
      }
    },
    "yallist": {
      "version": "2.1.2",
      "resolved": "https://artifactory.appcarousel.com:443/api/npm/npm/yallist/-/yallist-2.1.2.tgz",
      "integrity": "sha1-HBH5IY8HYImkfdUS+TxmmaaoHVI="
    }
  }
}
